
Microsoft Visual Studio Solution File, Format Version 12.00
# Visual Studio Version 17
VisualStudioVersion = 17.5.33502.453
MinimumVisualStudioVersion = 10.0.40219.1
Project("{FAE04EC0-301F-11D3-BF4B-00C04F79EFBC}") = "Seminar", "Seminar\Seminar.csproj", "{A504A012-392E-4DC8-8630-824D09850D5B}"
EndProject
Project("{FAE04EC0-301F-11D3-BF4B-00C04F79EFBC}") = "SeminarFramework", "SeminarFramework\SeminarFramework.csproj", "{722121F4-EEF1-477F-978E-F640B0149036}"
EndProject
Global
	GlobalSection(SolutionConfigurationPlatforms) = preSolution
		Debug|Any CPU = Debug|Any CPU
		Release|Any CPU = Release|Any CPU
	EndGlobalSection
	GlobalSection(ProjectConfigurationPlatforms) = postSolution
		{A504A012-392E-4DC8-8630-824D09850D5B}.Debug|Any CPU.ActiveCfg = Debug|Any CPU
		{A504A012-392E-4DC8-8630-824D09850D5B}.Debug|Any CPU.Build.0 = Debug|Any CPU
		{A504A012-392E-4DC8-8630-824D09850D5B}.Release|Any CPU.ActiveCfg = Release|Any CPU
		{A504A012-392E-4DC8-8630-824D09850D5B}.Release|Any CPU.Build.0 = Release|Any CPU
		{722121F4-EEF1-477F-978E-F640B0149036}.Debug|Any CPU.ActiveCfg = Debug|Any CPU
		{722121F4-EEF1-477F-978E-F640B0149036}.Debug|Any CPU.Build.0 = Debug|Any CPU
		{722121F4-EEF1-477F-978E-F640B0149036}.Release|Any CPU.ActiveCfg = Release|Any CPU
		{722121F4-EEF1-477F-978E-F640B0149036}.Release|Any CPU.Build.0 = Release|Any CPU
	EndGlobalSection
	GlobalSection(SolutionProperties) = preSolution
		HideSolutionNode = FALSE
	EndGlobalSection
	GlobalSection(ExtensibilityGlobals) = postSolution
		SolutionGuid = {19735EBB-2206-44BC-92BC-2AB488763284}
	EndGlobalSection
EndGlobal
