
Microsoft Visual Studio Solution File, Format Version 12.00
# Visual Studio Version 16
VisualStudioVersion = 16.0.31019.35
MinimumVisualStudioVersion = 10.0.40219.1
Project("{9A19103F-16F7-4668-BE54-9A1E7A4F7556}") = "Task-2", "Task-2\Task-2.csproj", "{64F67128-899F-47A0-BC17-E0F8FB027A2B}"
EndProject
Project("{FAE04EC0-301F-11D3-BF4B-00C04F79EFBC}") = "Task-1", "Task-1\Task-1.csproj", "{D7D1CDC2-0AFC-4AB8-A822-645E54D735C3}"
EndProject
Global
	GlobalSection(SolutionConfigurationPlatforms) = preSolution
		Debug|Any CPU = Debug|Any CPU
		Release|Any CPU = Release|Any CPU
	EndGlobalSection
	GlobalSection(ProjectConfigurationPlatforms) = postSolution
		{64F67128-899F-47A0-BC17-E0F8FB027A2B}.Debug|Any CPU.ActiveCfg = Debug|Any CPU
		{64F67128-899F-47A0-BC17-E0F8FB027A2B}.Debug|Any CPU.Build.0 = Debug|Any CPU
		{64F67128-899F-47A0-BC17-E0F8FB027A2B}.Release|Any CPU.ActiveCfg = Release|Any CPU
		{64F67128-899F-47A0-BC17-E0F8FB027A2B}.Release|Any CPU.Build.0 = Release|Any CPU
		{D7D1CDC2-0AFC-4AB8-A822-645E54D735C3}.Debug|Any CPU.ActiveCfg = Debug|Any CPU
		{D7D1CDC2-0AFC-4AB8-A822-645E54D735C3}.Debug|Any CPU.Build.0 = Debug|Any CPU
		{D7D1CDC2-0AFC-4AB8-A822-645E54D735C3}.Release|Any CPU.ActiveCfg = Release|Any CPU
		{D7D1CDC2-0AFC-4AB8-A822-645E54D735C3}.Release|Any CPU.Build.0 = Release|Any CPU
	EndGlobalSection
	GlobalSection(SolutionProperties) = preSolution
		HideSolutionNode = FALSE
	EndGlobalSection
	GlobalSection(ExtensibilityGlobals) = postSolution
		SolutionGuid = {A0481849-59BB-4BF1-9B25-0A4327112088}
	EndGlobalSection
EndGlobal
