
Microsoft Visual Studio Solution File, Format Version 12.00
# Visual Studio Version 17
VisualStudioVersion = 17.3.32804.467
MinimumVisualStudioVersion = 10.0.40219.1
Project("{FAE04EC0-301F-11D3-BF4B-00C04F79EFBC}") = "Lesson8", "Lesson8\Lesson8.csproj", "{0166E975-1A29-44B0-A85C-C4EA369B3BEF}"
EndProject
Project("{9A19103F-16F7-4668-BE54-9A1E7A4F7556}") = "Orders.DAL", "Orders.DAL\Orders.DAL.csproj", "{36C22AEA-EEC6-4350-984A-7C00E953139F}"
EndProject
Project("{FAE04EC0-301F-11D3-BF4B-00C04F79EFBC}") = "WebApplicationSample", "WebApplicationSample\WebApplicationSample.csproj", "{1097D1D4-CB8E-4159-9C3C-B986E8010B38}"
EndProject
Global
	GlobalSection(SolutionConfigurationPlatforms) = preSolution
		Debug|Any CPU = Debug|Any CPU
		Release|Any CPU = Release|Any CPU
	EndGlobalSection
	GlobalSection(ProjectConfigurationPlatforms) = postSolution
		{0166E975-1A29-44B0-A85C-C4EA369B3BEF}.Debug|Any CPU.ActiveCfg = Debug|Any CPU
		{0166E975-1A29-44B0-A85C-C4EA369B3BEF}.Debug|Any CPU.Build.0 = Debug|Any CPU
		{0166E975-1A29-44B0-A85C-C4EA369B3BEF}.Release|Any CPU.ActiveCfg = Release|Any CPU
		{0166E975-1A29-44B0-A85C-C4EA369B3BEF}.Release|Any CPU.Build.0 = Release|Any CPU
		{36C22AEA-EEC6-4350-984A-7C00E953139F}.Debug|Any CPU.ActiveCfg = Debug|Any CPU
		{36C22AEA-EEC6-4350-984A-7C00E953139F}.Debug|Any CPU.Build.0 = Debug|Any CPU
		{36C22AEA-EEC6-4350-984A-7C00E953139F}.Release|Any CPU.ActiveCfg = Release|Any CPU
		{36C22AEA-EEC6-4350-984A-7C00E953139F}.Release|Any CPU.Build.0 = Release|Any CPU
		{1097D1D4-CB8E-4159-9C3C-B986E8010B38}.Debug|Any CPU.ActiveCfg = Debug|Any CPU
		{1097D1D4-CB8E-4159-9C3C-B986E8010B38}.Debug|Any CPU.Build.0 = Debug|Any CPU
		{1097D1D4-CB8E-4159-9C3C-B986E8010B38}.Release|Any CPU.ActiveCfg = Release|Any CPU
		{1097D1D4-CB8E-4159-9C3C-B986E8010B38}.Release|Any CPU.Build.0 = Release|Any CPU
	EndGlobalSection
	GlobalSection(SolutionProperties) = preSolution
		HideSolutionNode = FALSE
	EndGlobalSection
	GlobalSection(ExtensibilityGlobals) = postSolution
		SolutionGuid = {E57A4CAD-E595-4891-9373-5D62885F73E1}
	EndGlobalSection
EndGlobal
