
Microsoft Visual Studio Solution File, Format Version 12.00
# Visual Studio Version 16
VisualStudioVersion = 16.0.31025.194
MinimumVisualStudioVersion = 10.0.40219.1
Project("{FAE04EC0-301F-11D3-BF4B-00C04F79EFBC}") = "Lesson-1", "Lesson-1\Lesson-1.csproj", "{E7FE90C8-FBEF-42A3-956A-6C95BB9B54FD}"
EndProject
Global
	GlobalSection(SolutionConfigurationPlatforms) = preSolution
		Debug|Any CPU = Debug|Any CPU
		Release|Any CPU = Release|Any CPU
	EndGlobalSection
	GlobalSection(ProjectConfigurationPlatforms) = postSolution
		{E7FE90C8-FBEF-42A3-956A-6C95BB9B54FD}.Debug|Any CPU.ActiveCfg = Debug|Any CPU
		{E7FE90C8-FBEF-42A3-956A-6C95BB9B54FD}.Debug|Any CPU.Build.0 = Debug|Any CPU
		{E7FE90C8-FBEF-42A3-956A-6C95BB9B54FD}.Release|Any CPU.ActiveCfg = Release|Any CPU
		{E7FE90C8-FBEF-42A3-956A-6C95BB9B54FD}.Release|Any CPU.Build.0 = Release|Any CPU
	EndGlobalSection
	GlobalSection(SolutionProperties) = preSolution
		HideSolutionNode = FALSE
	EndGlobalSection
	GlobalSection(ExtensibilityGlobals) = postSolution
		SolutionGuid = {0CE9C3D3-2528-403A-8028-D8941DAB6E7D}
	EndGlobalSection
EndGlobal
