
Microsoft Visual Studio Solution File, Format Version 12.00
# Visual Studio Version 16
VisualStudioVersion = 16.0.31025.194
MinimumVisualStudioVersion = 10.0.40219.1
Project("{FAE04EC0-301F-11D3-BF4B-00C04F79EFBC}") = "Task-1", "Task-1\Task-1.csproj", "{48DB4795-2B34-43D4-87DC-84EB24116EC2}"
EndProject
Project("{FAE04EC0-301F-11D3-BF4B-00C04F79EFBC}") = "Task-2", "Task-2\Task-2.csproj", "{1FAA1AB9-E780-4554-A9C1-E15EABE34618}"
EndProject
Project("{FAE04EC0-301F-11D3-BF4B-00C04F79EFBC}") = "Task-3", "Task-3\Task-3.csproj", "{A4B0C8BF-C288-44FC-BAE0-AF4F0DDDB359}"
EndProject
Global
	GlobalSection(SolutionConfigurationPlatforms) = preSolution
		Debug|Any CPU = Debug|Any CPU
		Release|Any CPU = Release|Any CPU
	EndGlobalSection
	GlobalSection(ProjectConfigurationPlatforms) = postSolution
		{48DB4795-2B34-43D4-87DC-84EB24116EC2}.Debug|Any CPU.ActiveCfg = Debug|Any CPU
		{48DB4795-2B34-43D4-87DC-84EB24116EC2}.Debug|Any CPU.Build.0 = Debug|Any CPU
		{48DB4795-2B34-43D4-87DC-84EB24116EC2}.Release|Any CPU.ActiveCfg = Release|Any CPU
		{48DB4795-2B34-43D4-87DC-84EB24116EC2}.Release|Any CPU.Build.0 = Release|Any CPU
		{1FAA1AB9-E780-4554-A9C1-E15EABE34618}.Debug|Any CPU.ActiveCfg = Debug|Any CPU
		{1FAA1AB9-E780-4554-A9C1-E15EABE34618}.Debug|Any CPU.Build.0 = Debug|Any CPU
		{1FAA1AB9-E780-4554-A9C1-E15EABE34618}.Release|Any CPU.ActiveCfg = Release|Any CPU
		{1FAA1AB9-E780-4554-A9C1-E15EABE34618}.Release|Any CPU.Build.0 = Release|Any CPU
		{A4B0C8BF-C288-44FC-BAE0-AF4F0DDDB359}.Debug|Any CPU.ActiveCfg = Debug|Any CPU
		{A4B0C8BF-C288-44FC-BAE0-AF4F0DDDB359}.Debug|Any CPU.Build.0 = Debug|Any CPU
		{A4B0C8BF-C288-44FC-BAE0-AF4F0DDDB359}.Release|Any CPU.ActiveCfg = Release|Any CPU
		{A4B0C8BF-C288-44FC-BAE0-AF4F0DDDB359}.Release|Any CPU.Build.0 = Release|Any CPU
	EndGlobalSection
	GlobalSection(SolutionProperties) = preSolution
		HideSolutionNode = FALSE
	EndGlobalSection
	GlobalSection(ExtensibilityGlobals) = postSolution
		SolutionGuid = {35C80432-4D44-415B-8720-1C397FC140EE}
	EndGlobalSection
EndGlobal
